// !$*UTF8*$!
{
	archiveVersion = 1;
	classes = {
	};
	objectVersion = 46;
	objects = {

/* Begin PBXBuildFile section */
		022BA7E619E8CF58007FFDEF /* Foundation.framework in Frameworks */ = {isa = PBXBuildFile; fileRef = 022BA7E519E8CF58007FFDEF /* Foundation.framework */; };
		022BA7E819E8CF58007FFDEF /* CoreGraphics.framework in Frameworks */ = {isa = PBXBuildFile; fileRef = 022BA7E719E8CF58007FFDEF /* CoreGraphics.framework */; };
		022BA7EA19E8CF58007FFDEF /* UIKit.framework in Frameworks */ = {isa = PBXBuildFile; fileRef = 022BA7E919E8CF58007FFDEF /* UIKit.framework */; };
		022BA7F019E8CF58007FFDEF /* InfoPlist.strings in Resources */ = {isa = PBXBuildFile; fileRef = 022BA7EE19E8CF58007FFDEF /* InfoPlist.strings */; };
		022BA7F219E8CF58007FFDEF /* main.m in Sources */ = {isa = PBXBuildFile; fileRef = 022BA7F119E8CF58007FFDEF /* main.m */; };
		022BA7F619E8CF58007FFDEF /* AppDelegate.m in Sources */ = {isa = PBXBuildFile; fileRef = 022BA7F519E8CF58007FFDEF /* AppDelegate.m */; };
		022BA7F919E8CF58007FFDEF /* Main.storyboard in Resources */ = {isa = PBXBuildFile; fileRef = 022BA7F719E8CF58007FFDEF /* Main.storyboard */; };
		022BA7FC19E8CF58007FFDEF /* ViewController.mm in Sources */ = {isa = PBXBuildFile; fileRef = 022BA7FB19E8CF58007FFDEF /* ViewController.mm */; };
		022BA7FE19E8CF58007FFDEF /* Images.xcassets in Resources */ = {isa = PBXBuildFile; fileRef = 022BA7FD19E8CF58007FFDEF /* Images.xcassets */; };
		022BA81C19E8D16B007FFDEF /* GiCanvasView.mm in Sources */ = {isa = PBXBuildFile; fileRef = 022BA81B19E8D16B007FFDEF /* GiCanvasView.mm */; };
		027F102019EBD74B000394DC /* gear.png in Resources */ = {isa = PBXBuildFile; fileRef = 027F101E19EBD74B000394DC /* gear.png */; };
		027F102119EBD74B000394DC /* gear@2x.png in Resources */ = {isa = PBXBuildFile; fileRef = 027F101F19EBD74B000394DC /* gear@2x.png */; };
		027F102419EBD9F4000394DC /* WDSettingsController.m in Sources */ = {isa = PBXBuildFile; fileRef = 027F102319EBD9F4000394DC /* WDSettingsController.m */; };
		027F102619EBDA42000394DC /* Settings.plist in Resources */ = {isa = PBXBuildFile; fileRef = 027F102519EBDA42000394DC /* Settings.plist */; };
		027F102B19ECA67A000394DC /* Localizable.strings in Resources */ = {isa = PBXBuildFile; fileRef = 027F102919ECA67A000394DC /* Localizable.strings */; };
		129BC3891B9C4F6BAAF50076 /* libPods.a in Frameworks */ = {isa = PBXBuildFile; fileRef = 203559D41B984189B61024A1 /* libPods.a */; };
/* End PBXBuildFile section */

/* Begin PBXFileReference section */
		022BA7E219E8CF58007FFDEF /* MenuBar.app */ = {isa = PBXFileReference; explicitFileType = wrapper.application; includeInIndex = 0; path = MenuBar.app; sourceTree = BUILT_PRODUCTS_DIR; };
		022BA7E519E8CF58007FFDEF /* Foundation.framework */ = {isa = PBXFileReference; lastKnownFileType = wrapper.framework; name = Foundation.framework; path = System/Library/Frameworks/Foundation.framework; sourceTree = SDKROOT; };
		022BA7E719E8CF58007FFDEF /* CoreGraphics.framework */ = {isa = PBXFileReference; lastKnownFileType = wrapper.framework; name = CoreGraphics.framework; path = System/Library/Frameworks/CoreGraphics.framework; sourceTree = SDKROOT; };
		022BA7E919E8CF58007FFDEF /* UIKit.framework */ = {isa = PBXFileReference; lastKnownFileType = wrapper.framework; name = UIKit.framework; path = System/Library/Frameworks/UIKit.framework; sourceTree = SDKROOT; };
		022BA7ED19E8CF58007FFDEF /* MenuBar-Info.plist */ = {isa = PBXFileReference; lastKnownFileType = text.plist.xml; path = "MenuBar-Info.plist"; sourceTree = "<group>"; };
		022BA7EF19E8CF58007FFDEF /* en */ = {isa = PBXFileReference; lastKnownFileType = text.plist.strings; name = en; path = en.lproj/InfoPlist.strings; sourceTree = "<group>"; };
		022BA7F119E8CF58007FFDEF /* main.m */ = {isa = PBXFileReference; lastKnownFileType = sourcecode.c.objc; path = main.m; sourceTree = "<group>"; };
		022BA7F319E8CF58007FFDEF /* MenuBar-Prefix.pch */ = {isa = PBXFileReference; lastKnownFileType = sourcecode.c.h; path = "MenuBar-Prefix.pch"; sourceTree = "<group>"; };
		022BA7F419E8CF58007FFDEF /* AppDelegate.h */ = {isa = PBXFileReference; lastKnownFileType = sourcecode.c.h; path = AppDelegate.h; sourceTree = "<group>"; };
		022BA7F519E8CF58007FFDEF /* AppDelegate.m */ = {isa = PBXFileReference; lastKnownFileType = sourcecode.c.objc; path = AppDelegate.m; sourceTree = "<group>"; };
		022BA7F819E8CF58007FFDEF /* Base */ = {isa = PBXFileReference; lastKnownFileType = file.storyboard; name = Base; path = Base.lproj/Main.storyboard; sourceTree = "<group>"; };
		022BA7FA19E8CF58007FFDEF /* ViewController.h */ = {isa = PBXFileReference; lastKnownFileType = sourcecode.c.h; path = ViewController.h; sourceTree = "<group>"; };
		022BA7FB19E8CF58007FFDEF /* ViewController.mm */ = {isa = PBXFileReference; lastKnownFileType = sourcecode.cpp.objcpp; path = ViewController.mm; sourceTree = "<group>"; };
		022BA7FD19E8CF58007FFDEF /* Images.xcassets */ = {isa = PBXFileReference; lastKnownFileType = folder.assetcatalog; path = Images.xcassets; sourceTree = "<group>"; };
		022BA81A19E8D16B007FFDEF /* GiCanvasView.h */ = {isa = PBXFileReference; fileEncoding = 4; lastKnownFileType = sourcecode.c.h; path = GiCanvasView.h; sourceTree = "<group>"; };
		022BA81B19E8D16B007FFDEF /* GiCanvasView.mm */ = {isa = PBXFileReference; fileEncoding = 4; lastKnownFileType = sourcecode.cpp.objcpp; path = GiCanvasView.mm; sourceTree = "<group>"; };
		027F101E19EBD74B000394DC /* gear.png */ = {isa = PBXFileReference; lastKnownFileType = image.png; path = gear.png; sourceTree = "<group>"; };
		027F101F19EBD74B000394DC /* gear@2x.png */ = {isa = PBXFileReference; lastKnownFileType = image.png; path = "gear@2x.png"; sourceTree = "<group>"; };
		027F102219EBD9F4000394DC /* WDSettingsController.h */ = {isa = PBXFileReference; fileEncoding = 4; lastKnownFileType = sourcecode.c.h; path = WDSettingsController.h; sourceTree = "<group>"; };
		027F102319EBD9F4000394DC /* WDSettingsController.m */ = {isa = PBXFileReference; fileEncoding = 4; lastKnownFileType = sourcecode.c.objc; path = WDSettingsController.m; sourceTree = "<group>"; };
		027F102519EBDA42000394DC /* Settings.plist */ = {isa = PBXFileReference; fileEncoding = 4; lastKnownFileType = text.plist.xml; path = Settings.plist; sourceTree = "<group>"; };
		027F102A19ECA67A000394DC /* zh-Hans */ = {isa = PBXFileReference; lastKnownFileType = text.plist.strings; name = "zh-Hans"; path = Localizable.strings; sourceTree = "<group>"; };
		203559D41B984189B61024A1 /* libPods.a */ = {isa = PBXFileReference; explicitFileType = archive.ar; includeInIndex = 0; path = libPods.a; sourceTree = BUILT_PRODUCTS_DIR; };
		BBCE2BFEE4CD3DEC788A4BD9 /* Pods.release.xcconfig */ = {isa = PBXFileReference; includeInIndex = 1; lastKnownFileType = text.xcconfig; name = Pods.release.xcconfig; path = "Pods/Target Support Files/Pods/Pods.release.xcconfig"; sourceTree = "<group>"; };
		EA3A32352C203CC94C0EAEB1 /* Pods.debug.xcconfig */ = {isa = PBXFileReference; includeInIndex = 1; lastKnownFileType = text.xcconfig; name = Pods.debug.xcconfig; path = "Pods/Target Support Files/Pods/Pods.debug.xcconfig"; sourceTree = "<group>"; };
/* End PBXFileReference section */

/* Begin PBXFrameworksBuildPhase section */
		022BA7DF19E8CF58007FFDEF /* Frameworks */ = {
			isa = PBXFrameworksBuildPhase;
			buildActionMask = 2147483647;
			files = (
				022BA7E819E8CF58007FFDEF /* CoreGraphics.framework in Frameworks */,
				022BA7EA19E8CF58007FFDEF /* UIKit.framework in Frameworks */,
				022BA7E619E8CF58007FFDEF /* Foundation.framework in Frameworks */,
				129BC3891B9C4F6BAAF50076 /* libPods.a in Frameworks */,
			);
			runOnlyForDeploymentPostprocessing = 0;
		};
/* End PBXFrameworksBuildPhase section */

/* Begin PBXGroup section */
		022BA7D919E8CF58007FFDEF = {
			isa = PBXGroup;
			children = (
				022BA7EB19E8CF58007FFDEF /* MenuBar */,
				022BA7E419E8CF58007FFDEF /* Frameworks */,
				022BA7E319E8CF58007FFDEF /* Products */,
				C99A455D287FF5AE049D0A2A /* Pods */,
			);
			sourceTree = "<group>";
		};
		022BA7E319E8CF58007FFDEF /* Products */ = {
			isa = PBXGroup;
			children = (
				022BA7E219E8CF58007FFDEF /* MenuBar.app */,
			);
			name = Products;
			sourceTree = "<group>";
		};
		022BA7E419E8CF58007FFDEF /* Frameworks */ = {
			isa = PBXGroup;
			children = (
				022BA7E519E8CF58007FFDEF /* Foundation.framework */,
				022BA7E719E8CF58007FFDEF /* CoreGraphics.framework */,
				022BA7E919E8CF58007FFDEF /* UIKit.framework */,
				203559D41B984189B61024A1 /* libPods.a */,
			);
			name = Frameworks;
			sourceTree = "<group>";
		};
		022BA7EB19E8CF58007FFDEF /* MenuBar */ = {
			isa = PBXGroup;
			children = (
				022BA7F419E8CF58007FFDEF /* AppDelegate.h */,
				022BA7F519E8CF58007FFDEF /* AppDelegate.m */,
				022BA7F719E8CF58007FFDEF /* Main.storyboard */,
				027F102519EBDA42000394DC /* Settings.plist */,
				022BA7FA19E8CF58007FFDEF /* ViewController.h */,
				022BA7FB19E8CF58007FFDEF /* ViewController.mm */,
				022BA7FD19E8CF58007FFDEF /* Images.xcassets */,
				027F102819ECA67A000394DC /* zh-Hans.lproj */,
				022BA83219E8FDBD007FFDEF /* Images */,
				022BA7EC19E8CF58007FFDEF /* Supporting Files */,
				022BA81A19E8D16B007FFDEF /* GiCanvasView.h */,
				022BA81B19E8D16B007FFDEF /* GiCanvasView.mm */,
				027F102219EBD9F4000394DC /* WDSettingsController.h */,
				027F102319EBD9F4000394DC /* WDSettingsController.m */,
			);
			path = MenuBar;
			sourceTree = "<group>";
		};
		022BA7EC19E8CF58007FFDEF /* Supporting Files */ = {
			isa = PBXGroup;
			children = (
				022BA7ED19E8CF58007FFDEF /* MenuBar-Info.plist */,
				022BA7EE19E8CF58007FFDEF /* InfoPlist.strings */,
				022BA7F119E8CF58007FFDEF /* main.m */,
				022BA7F319E8CF58007FFDEF /* MenuBar-Prefix.pch */,
			);
			name = "Supporting Files";
			sourceTree = "<group>";
		};
		022BA83219E8FDBD007FFDEF /* Images */ = {
			isa = PBXGroup;
			children = (
				027F101E19EBD74B000394DC /* gear.png */,
				027F101F19EBD74B000394DC /* gear@2x.png */,
			);
			path = Images;
			sourceTree = "<group>";
		};
		027F102819ECA67A000394DC /* zh-Hans.lproj */ = {
			isa = PBXGroup;
			children = (
				027F102919ECA67A000394DC /* Localizable.strings */,
			);
			path = "zh-Hans.lproj";
			sourceTree = "<group>";
		};
		C99A455D287FF5AE049D0A2A /* Pods */ = {
			isa = PBXGroup;
			children = (
				EA3A32352C203CC94C0EAEB1 /* Pods.debug.xcconfig */,
				BBCE2BFEE4CD3DEC788A4BD9 /* Pods.release.xcconfig */,
			);
			name = Pods;
			sourceTree = "<group>";
		};
/* End PBXGroup section */

/* Begin PBXNativeTarget section */
		022BA7E119E8CF58007FFDEF /* MenuBar */ = {
			isa = PBXNativeTarget;
			buildConfigurationList = 022BA81419E8CF58007FFDEF /* Build configuration list for PBXNativeTarget "MenuBar" */;
			buildPhases = (
				2EB76C0632034E53AE485359 /* Check Pods Manifest.lock */,
				022BA7DE19E8CF58007FFDEF /* Sources */,
				022BA7DF19E8CF58007FFDEF /* Frameworks */,
				022BA7E019E8CF58007FFDEF /* Resources */,
				C99F9B96EEDF41D091EC7BE1 /* Copy Pods Resources */,
			);
			buildRules = (
			);
			dependencies = (
			);
			name = MenuBar;
			productName = MenuBar;
			productReference = 022BA7E219E8CF58007FFDEF /* MenuBar.app */;
			productType = "com.apple.product-type.application";
		};
/* End PBXNativeTarget section */

/* Begin PBXProject section */
		022BA7DA19E8CF58007FFDEF /* Project object */ = {
			isa = PBXProject;
			attributes = {
				LastUpgradeCheck = 0500;
				ORGANIZATIONNAME = github.com/touchvg;
			};
			buildConfigurationList = 022BA7DD19E8CF58007FFDEF /* Build configuration list for PBXProject "MenuBar" */;
			compatibilityVersion = "Xcode 3.2";
			developmentRegion = English;
			hasScannedForEncodings = 0;
			knownRegions = (
				en,
				Base,
				"zh-Hans",
			);
			mainGroup = 022BA7D919E8CF58007FFDEF;
			productRefGroup = 022BA7E319E8CF58007FFDEF /* Products */;
			projectDirPath = "";
			projectRoot = "";
			targets = (
				022BA7E119E8CF58007FFDEF /* MenuBar */,
			);
		};
/* End PBXProject section */

/* Begin PBXResourcesBuildPhase section */
		022BA7E019E8CF58007FFDEF /* Resources */ = {
			isa = PBXResourcesBuildPhase;
			buildActionMask = 2147483647;
			files = (
				022BA7FE19E8CF58007FFDEF /* Images.xcassets in Resources */,
				022BA7F019E8CF58007FFDEF /* InfoPlist.strings in Resources */,
				027F102019EBD74B000394DC /* gear.png in Resources */,
				027F102B19ECA67A000394DC /* Localizable.strings in Resources */,
				027F102119EBD74B000394DC /* gear@2x.png in Resources */,
				022BA7F919E8CF58007FFDEF /* Main.storyboard in Resources */,
				027F102619EBDA42000394DC /* Settings.plist in Resources */,
			);
			runOnlyForDeploymentPostprocessing = 0;
		};
/* End PBXResourcesBuildPhase section */

/* Begin PBXShellScriptBuildPhase section */
		2EB76C0632034E53AE485359 /* Check Pods Manifest.lock */ = {
			isa = PBXShellScriptBuildPhase;
			buildActionMask = 2147483647;
			files = (
			);
			inputPaths = (
			);
			name = "Check Pods Manifest.lock";
			outputPaths = (
			);
			runOnlyForDeploymentPostprocessing = 0;
			shellPath = /bin/sh;
			shellScript = "diff \"${PODS_ROOT}/../Podfile.lock\" \"${PODS_ROOT}/Manifest.lock\" > /dev/null\nif [[ $? != 0 ]] ; then\n    cat << EOM\nerror: The sandbox is not in sync with the Podfile.lock. Run 'pod install' or update your CocoaPods installation.\nEOM\n    exit 1\nfi\n";
			showEnvVarsInLog = 0;
		};
		C99F9B96EEDF41D091EC7BE1 /* Copy Pods Resources */ = {
			isa = PBXShellScriptBuildPhase;
			buildActionMask = 2147483647;
			files = (
			);
			inputPaths = (
			);
			name = "Copy Pods Resources";
			outputPaths = (
			);
			runOnlyForDeploymentPostprocessing = 0;
			shellPath = /bin/sh;
			shellScript = "\"${SRCROOT}/Pods/Target Support Files/Pods/Pods-resources.sh\"\n";
			showEnvVarsInLog = 0;
		};
/* End PBXShellScriptBuildPhase section */

/* Begin PBXSourcesBuildPhase section */
		022BA7DE19E8CF58007FFDEF /* Sources */ = {
			isa = PBXSourcesBuildPhase;
			buildActionMask = 2147483647;
			files = (
				027F102419EBD9F4000394DC /* WDSettingsController.m in Sources */,
				022BA81C19E8D16B007FFDEF /* GiCanvasView.mm in Sources */,
				022BA7FC19E8CF58007FFDEF /* ViewController.mm in Sources */,
				022BA7F619E8CF58007FFDEF /* AppDelegate.m in Sources */,
				022BA7F219E8CF58007FFDEF /* main.m in Sources */,
			);
			runOnlyForDeploymentPostprocessing = 0;
		};
/* End PBXSourcesBuildPhase section */

/* Begin PBXVariantGroup section */
		022BA7EE19E8CF58007FFDEF /* InfoPlist.strings */ = {
			isa = PBXVariantGroup;
			children = (
				022BA7EF19E8CF58007FFDEF /* en */,
			);
			name = InfoPlist.strings;
			sourceTree = "<group>";
		};
		022BA7F719E8CF58007FFDEF /* Main.storyboard */ = {
			isa = PBXVariantGroup;
			children = (
				022BA7F819E8CF58007FFDEF /* Base */,
			);
			name = Main.storyboard;
			sourceTree = "<group>";
		};
		027F102919ECA67A000394DC /* Localizable.strings */ = {
			isa = PBXVariantGroup;
			children = (
				027F102A19ECA67A000394DC /* zh-Hans */,
			);
			name = Localizable.strings;
			sourceTree = "<group>";
		};
/* End PBXVariantGroup section */

/* Begin XCBuildConfiguration section */
		022BA81219E8CF58007FFDEF /* Debug */ = {
			isa = XCBuildConfiguration;
			buildSettings = {
				ALWAYS_SEARCH_USER_PATHS = NO;
				ARCHS = "$(ARCHS_STANDARD_INCLUDING_64_BIT)";
				CLANG_CXX_LANGUAGE_STANDARD = "gnu++0x";
				CLANG_CXX_LIBRARY = "libc++";
				CLANG_ENABLE_MODULES = YES;
				CLANG_ENABLE_OBJC_ARC = YES;
				CLANG_WARN_BOOL_CONVERSION = YES;
				CLANG_WARN_CONSTANT_CONVERSION = YES;
				CLANG_WARN_DIRECT_OBJC_ISA_USAGE = YES_ERROR;
				CLANG_WARN_EMPTY_BODY = YES;
				CLANG_WARN_ENUM_CONVERSION = YES;
				CLANG_WARN_INT_CONVERSION = YES;
				CLANG_WARN_OBJC_ROOT_CLASS = YES_ERROR;
				CLANG_WARN__DUPLICATE_METHOD_MATCH = YES;
				"CODE_SIGN_IDENTITY[sdk=iphoneos*]" = "iPhone Developer";
				COPY_PHASE_STRIP = NO;
				GCC_C_LANGUAGE_STANDARD = gnu99;
				GCC_DYNAMIC_NO_PIC = NO;
				GCC_OPTIMIZATION_LEVEL = 0;
				GCC_PREPROCESSOR_DEFINITIONS = (
					"DEBUG=1",
					"$(inherited)",
				);
				GCC_SYMBOLS_PRIVATE_EXTERN = NO;
				GCC_WARN_64_TO_32_BIT_CONVERSION = YES;
				GCC_WARN_ABOUT_RETURN_TYPE = YES_ERROR;
				GCC_WARN_UNDECLARED_SELECTOR = YES;
				GCC_WARN_UNINITIALIZED_AUTOS = YES;
				GCC_WARN_UNUSED_FUNCTION = YES;
				GCC_WARN_UNUSED_VARIABLE = YES;
				IPHONEOS_DEPLOYMENT_TARGET = 7.0;
				ONLY_ACTIVE_ARCH = YES;
				SDKROOT = iphoneos;
				TARGETED_DEVICE_FAMILY = 2;
			};
			name = Debug;
		};
		022BA81319E8CF58007FFDEF /* Release */ = {
			isa = XCBuildConfiguration;
			buildSettings = {
				ALWAYS_SEARCH_USER_PATHS = NO;
				ARCHS = "$(ARCHS_STANDARD_INCLUDING_64_BIT)";
				CLANG_CXX_LANGUAGE_STANDARD = "gnu++0x";
				CLANG_CXX_LIBRARY = "libc++";
				CLANG_ENABLE_MODULES = YES;
				CLANG_ENABLE_OBJC_ARC = YES;
				CLANG_WARN_BOOL_CONVERSION = YES;
				CLANG_WARN_CONSTANT_CONVERSION = YES;
				CLANG_WARN_DIRECT_OBJC_ISA_USAGE = YES_ERROR;
				CLANG_WARN_EMPTY_BODY = YES;
				CLANG_WARN_ENUM_CONVERSION = YES;
				CLANG_WARN_INT_CONVERSION = YES;
				CLANG_WARN_OBJC_ROOT_CLASS = YES_ERROR;
				CLANG_WARN__DUPLICATE_METHOD_MATCH = YES;
				"CODE_SIGN_IDENTITY[sdk=iphoneos*]" = "iPhone Developer";
				COPY_PHASE_STRIP = YES;
				ENABLE_NS_ASSERTIONS = NO;
				GCC_C_LANGUAGE_STANDARD = gnu99;
				GCC_WARN_64_TO_32_BIT_CONVERSION = YES;
				GCC_WARN_ABOUT_RETURN_TYPE = YES_ERROR;
				GCC_WARN_UNDECLARED_SELECTOR = YES;
				GCC_WARN_UNINITIALIZED_AUTOS = YES;
				GCC_WARN_UNUSED_FUNCTION = YES;
				GCC_WARN_UNUSED_VARIABLE = YES;
				IPHONEOS_DEPLOYMENT_TARGET = 7.0;
				SDKROOT = iphoneos;
				TARGETED_DEVICE_FAMILY = 2;
				VALIDATE_PRODUCT = YES;
			};
			name = Release;
		};
		022BA81519E8CF58007FFDEF /* Debug */ = {
			isa = XCBuildConfiguration;
			baseConfigurationReference = EA3A32352C203CC94C0EAEB1 /* Pods.debug.xcconfig */;
			buildSettings = {
				ASSETCATALOG_COMPILER_APPICON_NAME = AppIcon;
				ASSETCATALOG_COMPILER_LAUNCHIMAGE_NAME = LaunchImage;
				GCC_PRECOMPILE_PREFIX_HEADER = YES;
				GCC_PREFIX_HEADER = "MenuBar/MenuBar-Prefix.pch";
				INFOPLIST_FILE = "MenuBar/MenuBar-Info.plist";
				PRODUCT_NAME = "$(TARGET_NAME)";
				TARGETED_DEVICE_FAMILY = "1,2";
				WRAPPER_EXTENSION = app;
			};
			name = Debug;
		};
		022BA81619E8CF58007FFDEF /* Release */ = {
			isa = XCBuildConfiguration;
			baseConfigurationReference = BBCE2BFEE4CD3DEC788A4BD9 /* Pods.release.xcconfig */;
			buildSettings = {
				ASSETCATALOG_COMPILER_APPICON_NAME = AppIcon;
				ASSETCATALOG_COMPILER_LAUNCHIMAGE_NAME = LaunchImage;
				GCC_PRECOMPILE_PREFIX_HEADER = YES;
				GCC_PREFIX_HEADER = "MenuBar/MenuBar-Prefix.pch";
				INFOPLIST_FILE = "MenuBar/MenuBar-Info.plist";
				PRODUCT_NAME = "$(TARGET_NAME)";
				TARGETED_DEVICE_FAMILY = "1,2";
				WRAPPER_EXTENSION = app;
			};
			name = Release;
		};
/* End XCBuildConfiguration section */

/* Begin XCConfigurationList section */
		022BA7DD19E8CF58007FFDEF /* Build configuration list for PBXProject "MenuBar" */ = {
			isa = XCConfigurationList;
			buildConfigurations = (
				022BA81219E8CF58007FFDEF /* Debug */,
				022BA81319E8CF58007FFDEF /* Release */,
			);
			defaultConfigurationIsVisible = 0;
			defaultConfigurationName = Release;
		};
		022BA81419E8CF58007FFDEF /* Build configuration list for PBXNativeTarget "MenuBar" */ = {
			isa = XCConfigurationList;
			buildConfigurations = (
				022BA81519E8CF58007FFDEF /* Debug */,
				022BA81619E8CF58007FFDEF /* Release */,
			);
			defaultConfigurationIsVisible = 0;
			defaultConfigurationName = Release;
		};
/* End XCConfigurationList section */
	};
	rootObject = 022BA7DA19E8CF58007FFDEF /* Project object */;
}
