<?xml version="1.0" encoding="UTF-8"?>
<!DOCTYPE plist PUBLIC "-//Apple//DTD PLIST 1.0//EN" "http://www.apple.com/DTDs/PropertyList-1.0.dtd">
<plist version="1.0">
<dict>
	<key>archiveVersion</key>
	<string>1</string>
	<key>classes</key>
	<dict/>
	<key>objectVersion</key>
	<string>46</string>
	<key>objects</key>
	<dict>
		<key>022BA7D919E8CF58007FFDEF</key>
		<dict>
			<key>children</key>
			<array>
				<string>022BA7EB19E8CF58007FFDEF</string>
				<string>022BA7E419E8CF58007FFDEF</string>
				<string>022BA7E319E8CF58007FFDEF</string>
				<string>C99A455D287FF5AE049D0A2A</string>
			</array>
			<key>isa</key>
			<string>PBXGroup</string>
			<key>sourceTree</key>
			<string>&lt;group&gt;</string>
		</dict>
		<key>022BA7DA19E8CF58007FFDEF</key>
		<dict>
			<key>attributes</key>
			<dict>
				<key>LastUpgradeCheck</key>
				<string>0500</string>
				<key>ORGANIZATIONNAME</key>
				<string>github.com/touchvg</string>
			</dict>
			<key>buildConfigurationList</key>
			<string>022BA7DD19E8CF58007FFDEF</string>
			<key>compatibilityVersion</key>
			<string>Xcode 3.2</string>
			<key>developmentRegion</key>
			<string>English</string>
			<key>hasScannedForEncodings</key>
			<string>0</string>
			<key>isa</key>
			<string>PBXProject</string>
			<key>knownRegions</key>
			<array>
				<string>en</string>
				<string>Base</string>
			</array>
			<key>mainGroup</key>
			<string>022BA7D919E8CF58007FFDEF</string>
			<key>productRefGroup</key>
			<string>022BA7E319E8CF58007FFDEF</string>
			<key>projectDirPath</key>
			<string></string>
			<key>projectReferences</key>
			<array/>
			<key>projectRoot</key>
			<string></string>
			<key>targets</key>
			<array>
				<string>022BA7E119E8CF58007FFDEF</string>
			</array>
		</dict>
		<key>022BA7DD19E8CF58007FFDEF</key>
		<dict>
			<key>buildConfigurations</key>
			<array>
				<string>022BA81219E8CF58007FFDEF</string>
				<string>022BA81319E8CF58007FFDEF</string>
			</array>
			<key>defaultConfigurationIsVisible</key>
			<string>0</string>
			<key>defaultConfigurationName</key>
			<string>Release</string>
			<key>isa</key>
			<string>XCConfigurationList</string>
		</dict>
		<key>022BA7DE19E8CF58007FFDEF</key>
		<dict>
			<key>buildActionMask</key>
			<string>2147483647</string>
			<key>files</key>
			<array>
				<string>022BA82719E8D5E1007FFDEF</string>
				<string>022BA82819E8D5E1007FFDEF</string>
				<string>022BA82119E8D528007FFDEF</string>
				<string>022BA82E19E8D762007FFDEF</string>
				<string>022BA82B19E8D688007FFDEF</string>
				<string>022BA81C19E8D16B007FFDEF</string>
				<string>022BA7FC19E8CF58007FFDEF</string>
				<string>022BA82219E8D528007FFDEF</string>
				<string>022BA7F619E8CF58007FFDEF</string>
				<string>022BA7F219E8CF58007FFDEF</string>
			</array>
			<key>isa</key>
			<string>PBXSourcesBuildPhase</string>
			<key>runOnlyForDeploymentPostprocessing</key>
			<string>0</string>
		</dict>
		<key>022BA7DF19E8CF58007FFDEF</key>
		<dict>
			<key>buildActionMask</key>
			<string>2147483647</string>
			<key>files</key>
			<array>
				<string>022BA7E819E8CF58007FFDEF</string>
				<string>022BA7EA19E8CF58007FFDEF</string>
				<string>022BA7E619E8CF58007FFDEF</string>
				<string>129BC3891B9C4F6BAAF50076</string>
			</array>
			<key>isa</key>
			<string>PBXFrameworksBuildPhase</string>
			<key>runOnlyForDeploymentPostprocessing</key>
			<string>0</string>
		</dict>
		<key>022BA7E019E8CF58007FFDEF</key>
		<dict>
			<key>buildActionMask</key>
			<string>2147483647</string>
			<key>files</key>
			<array>
				<string>022BA84019E8FDBD007FFDEF</string>
				<string>022BA84419E8FDBD007FFDEF</string>
				<string>022BA83E19E8FDBD007FFDEF</string>
				<string>022BA84319E8FDBD007FFDEF</string>
				<string>022BA84119E8FDBD007FFDEF</string>
				<string>022BA84619E8FDBD007FFDEF</string>
				<string>022BA7FE19E8CF58007FFDEF</string>
				<string>022BA7F019E8CF58007FFDEF</string>
				<string>022BA84819E8FDBD007FFDEF</string>
				<string>022BA7F919E8CF58007FFDEF</string>
				<string>022BA84719E8FDBD007FFDEF</string>
				<string>022BA84519E8FDBD007FFDEF</string>
				<string>022BA83F19E8FDBD007FFDEF</string>
				<string>022BA84219E8FDBD007FFDEF</string>
			</array>
			<key>isa</key>
			<string>PBXResourcesBuildPhase</string>
			<key>runOnlyForDeploymentPostprocessing</key>
			<string>0</string>
		</dict>
		<key>022BA7E119E8CF58007FFDEF</key>
		<dict>
			<key>buildConfigurationList</key>
			<string>022BA81419E8CF58007FFDEF</string>
			<key>buildPhases</key>
			<array>
				<string>2EB76C0632034E53AE485359</string>
				<string>022BA7DE19E8CF58007FFDEF</string>
				<string>022BA7DF19E8CF58007FFDEF</string>
				<string>022BA7E019E8CF58007FFDEF</string>
				<string>C99F9B96EEDF41D091EC7BE1</string>
			</array>
			<key>buildRules</key>
			<array/>
			<key>dependencies</key>
			<array/>
			<key>isa</key>
			<string>PBXNativeTarget</string>
			<key>name</key>
			<string>CmdBar</string>
			<key>productName</key>
			<string>CmdBar</string>
			<key>productReference</key>
			<string>022BA7E219E8CF58007FFDEF</string>
			<key>productType</key>
			<string>com.apple.product-type.application</string>
		</dict>
		<key>022BA7E219E8CF58007FFDEF</key>
		<dict>
			<key>explicitFileType</key>
			<string>wrapper.application</string>
			<key>includeInIndex</key>
			<string>0</string>
			<key>isa</key>
			<string>PBXFileReference</string>
			<key>path</key>
			<string>CmdBar.app</string>
			<key>sourceTree</key>
			<string>BUILT_PRODUCTS_DIR</string>
		</dict>
		<key>022BA7E319E8CF58007FFDEF</key>
		<dict>
			<key>children</key>
			<array>
				<string>022BA7E219E8CF58007FFDEF</string>
			</array>
			<key>isa</key>
			<string>PBXGroup</string>
			<key>name</key>
			<string>Products</string>
			<key>sourceTree</key>
			<string>&lt;group&gt;</string>
		</dict>
		<key>022BA7E419E8CF58007FFDEF</key>
		<dict>
			<key>children</key>
			<array>
				<string>022BA7E519E8CF58007FFDEF</string>
				<string>022BA7E719E8CF58007FFDEF</string>
				<string>022BA7E919E8CF58007FFDEF</string>
				<string>203559D41B984189B61024A1</string>
			</array>
			<key>isa</key>
			<string>PBXGroup</string>
			<key>name</key>
			<string>Frameworks</string>
			<key>sourceTree</key>
			<string>&lt;group&gt;</string>
		</dict>
		<key>022BA7E519E8CF58007FFDEF</key>
		<dict>
			<key>isa</key>
			<string>PBXFileReference</string>
			<key>lastKnownFileType</key>
			<string>wrapper.framework</string>
			<key>name</key>
			<string>Foundation.framework</string>
			<key>path</key>
			<string>System/Library/Frameworks/Foundation.framework</string>
			<key>sourceTree</key>
			<string>SDKROOT</string>
		</dict>
		<key>022BA7E619E8CF58007FFDEF</key>
		<dict>
			<key>fileRef</key>
			<string>022BA7E519E8CF58007FFDEF</string>
			<key>isa</key>
			<string>PBXBuildFile</string>
		</dict>
		<key>022BA7E719E8CF58007FFDEF</key>
		<dict>
			<key>isa</key>
			<string>PBXFileReference</string>
			<key>lastKnownFileType</key>
			<string>wrapper.framework</string>
			<key>name</key>
			<string>CoreGraphics.framework</string>
			<key>path</key>
			<string>System/Library/Frameworks/CoreGraphics.framework</string>
			<key>sourceTree</key>
			<string>SDKROOT</string>
		</dict>
		<key>022BA7E819E8CF58007FFDEF</key>
		<dict>
			<key>fileRef</key>
			<string>022BA7E719E8CF58007FFDEF</string>
			<key>isa</key>
			<string>PBXBuildFile</string>
		</dict>
		<key>022BA7E919E8CF58007FFDEF</key>
		<dict>
			<key>isa</key>
			<string>PBXFileReference</string>
			<key>lastKnownFileType</key>
			<string>wrapper.framework</string>
			<key>name</key>
			<string>UIKit.framework</string>
			<key>path</key>
			<string>System/Library/Frameworks/UIKit.framework</string>
			<key>sourceTree</key>
			<string>SDKROOT</string>
		</dict>
		<key>022BA7EA19E8CF58007FFDEF</key>
		<dict>
			<key>fileRef</key>
			<string>022BA7E919E8CF58007FFDEF</string>
			<key>isa</key>
			<string>PBXBuildFile</string>
		</dict>
		<key>022BA7EB19E8CF58007FFDEF</key>
		<dict>
			<key>children</key>
			<array>
				<string>022BA7F419E8CF58007FFDEF</string>
				<string>022BA7F519E8CF58007FFDEF</string>
				<string>022BA7F719E8CF58007FFDEF</string>
				<string>022BA7FA19E8CF58007FFDEF</string>
				<string>022BA7FB19E8CF58007FFDEF</string>
				<string>022BA7FD19E8CF58007FFDEF</string>
				<string>022BA83219E8FDBD007FFDEF</string>
				<string>022BA7EC19E8CF58007FFDEF</string>
				<string>022BA81A19E8D16B007FFDEF</string>
				<string>022BA81B19E8D16B007FFDEF</string>
				<string>022BA81D19E8D528007FFDEF</string>
				<string>022BA81E19E8D528007FFDEF</string>
				<string>022BA81F19E8D528007FFDEF</string>
				<string>022BA82019E8D528007FFDEF</string>
				<string>022BA82319E8D5E1007FFDEF</string>
				<string>022BA82419E8D5E1007FFDEF</string>
				<string>022BA82519E8D5E1007FFDEF</string>
				<string>022BA82619E8D5E1007FFDEF</string>
				<string>022BA82919E8D688007FFDEF</string>
				<string>022BA82A19E8D688007FFDEF</string>
				<string>022BA82C19E8D762007FFDEF</string>
				<string>022BA82D19E8D762007FFDEF</string>
			</array>
			<key>isa</key>
			<string>PBXGroup</string>
			<key>path</key>
			<string>CmdBar</string>
			<key>sourceTree</key>
			<string>&lt;group&gt;</string>
		</dict>
		<key>022BA7EC19E8CF58007FFDEF</key>
		<dict>
			<key>children</key>
			<array>
				<string>022BA7ED19E8CF58007FFDEF</string>
				<string>022BA7EE19E8CF58007FFDEF</string>
				<string>022BA7F119E8CF58007FFDEF</string>
				<string>022BA7F319E8CF58007FFDEF</string>
			</array>
			<key>isa</key>
			<string>PBXGroup</string>
			<key>name</key>
			<string>Supporting Files</string>
			<key>sourceTree</key>
			<string>&lt;group&gt;</string>
		</dict>
		<key>022BA7ED19E8CF58007FFDEF</key>
		<dict>
			<key>isa</key>
			<string>PBXFileReference</string>
			<key>lastKnownFileType</key>
			<string>text.plist.xml</string>
			<key>path</key>
			<string>CmdBar-Info.plist</string>
			<key>sourceTree</key>
			<string>&lt;group&gt;</string>
		</dict>
		<key>022BA7EE19E8CF58007FFDEF</key>
		<dict>
			<key>children</key>
			<array>
				<string>022BA7EF19E8CF58007FFDEF</string>
			</array>
			<key>isa</key>
			<string>PBXVariantGroup</string>
			<key>name</key>
			<string>InfoPlist.strings</string>
			<key>sourceTree</key>
			<string>&lt;group&gt;</string>
		</dict>
		<key>022BA7EF19E8CF58007FFDEF</key>
		<dict>
			<key>isa</key>
			<string>PBXFileReference</string>
			<key>lastKnownFileType</key>
			<string>text.plist.strings</string>
			<key>name</key>
			<string>en</string>
			<key>path</key>
			<string>en.lproj/InfoPlist.strings</string>
			<key>sourceTree</key>
			<string>&lt;group&gt;</string>
		</dict>
		<key>022BA7F019E8CF58007FFDEF</key>
		<dict>
			<key>fileRef</key>
			<string>022BA7EE19E8CF58007FFDEF</string>
			<key>isa</key>
			<string>PBXBuildFile</string>
		</dict>
		<key>022BA7F119E8CF58007FFDEF</key>
		<dict>
			<key>isa</key>
			<string>PBXFileReference</string>
			<key>lastKnownFileType</key>
			<string>sourcecode.c.objc</string>
			<key>path</key>
			<string>main.m</string>
			<key>sourceTree</key>
			<string>&lt;group&gt;</string>
		</dict>
		<key>022BA7F219E8CF58007FFDEF</key>
		<dict>
			<key>fileRef</key>
			<string>022BA7F119E8CF58007FFDEF</string>
			<key>isa</key>
			<string>PBXBuildFile</string>
		</dict>
		<key>022BA7F319E8CF58007FFDEF</key>
		<dict>
			<key>isa</key>
			<string>PBXFileReference</string>
			<key>lastKnownFileType</key>
			<string>sourcecode.c.h</string>
			<key>path</key>
			<string>CmdBar-Prefix.pch</string>
			<key>sourceTree</key>
			<string>&lt;group&gt;</string>
		</dict>
		<key>022BA7F419E8CF58007FFDEF</key>
		<dict>
			<key>isa</key>
			<string>PBXFileReference</string>
			<key>lastKnownFileType</key>
			<string>sourcecode.c.h</string>
			<key>path</key>
			<string>AppDelegate.h</string>
			<key>sourceTree</key>
			<string>&lt;group&gt;</string>
		</dict>
		<key>022BA7F519E8CF58007FFDEF</key>
		<dict>
			<key>isa</key>
			<string>PBXFileReference</string>
			<key>lastKnownFileType</key>
			<string>sourcecode.c.objc</string>
			<key>path</key>
			<string>AppDelegate.m</string>
			<key>sourceTree</key>
			<string>&lt;group&gt;</string>
		</dict>
		<key>022BA7F619E8CF58007FFDEF</key>
		<dict>
			<key>fileRef</key>
			<string>022BA7F519E8CF58007FFDEF</string>
			<key>isa</key>
			<string>PBXBuildFile</string>
		</dict>
		<key>022BA7F719E8CF58007FFDEF</key>
		<dict>
			<key>children</key>
			<array>
				<string>022BA7F819E8CF58007FFDEF</string>
			</array>
			<key>isa</key>
			<string>PBXVariantGroup</string>
			<key>name</key>
			<string>Main.storyboard</string>
			<key>sourceTree</key>
			<string>&lt;group&gt;</string>
		</dict>
		<key>022BA7F819E8CF58007FFDEF</key>
		<dict>
			<key>isa</key>
			<string>PBXFileReference</string>
			<key>lastKnownFileType</key>
			<string>file.storyboard</string>
			<key>name</key>
			<string>Base</string>
			<key>path</key>
			<string>Base.lproj/Main.storyboard</string>
			<key>sourceTree</key>
			<string>&lt;group&gt;</string>
		</dict>
		<key>022BA7F919E8CF58007FFDEF</key>
		<dict>
			<key>fileRef</key>
			<string>022BA7F719E8CF58007FFDEF</string>
			<key>isa</key>
			<string>PBXBuildFile</string>
		</dict>
		<key>022BA7FA19E8CF58007FFDEF</key>
		<dict>
			<key>isa</key>
			<string>PBXFileReference</string>
			<key>lastKnownFileType</key>
			<string>sourcecode.c.h</string>
			<key>path</key>
			<string>ViewController.h</string>
			<key>sourceTree</key>
			<string>&lt;group&gt;</string>
		</dict>
		<key>022BA7FB19E8CF58007FFDEF</key>
		<dict>
			<key>isa</key>
			<string>PBXFileReference</string>
			<key>lastKnownFileType</key>
			<string>sourcecode.cpp.objcpp</string>
			<key>path</key>
			<string>ViewController.mm</string>
			<key>sourceTree</key>
			<string>&lt;group&gt;</string>
		</dict>
		<key>022BA7FC19E8CF58007FFDEF</key>
		<dict>
			<key>fileRef</key>
			<string>022BA7FB19E8CF58007FFDEF</string>
			<key>isa</key>
			<string>PBXBuildFile</string>
		</dict>
		<key>022BA7FD19E8CF58007FFDEF</key>
		<dict>
			<key>isa</key>
			<string>PBXFileReference</string>
			<key>lastKnownFileType</key>
			<string>folder.assetcatalog</string>
			<key>path</key>
			<string>Images.xcassets</string>
			<key>sourceTree</key>
			<string>&lt;group&gt;</string>
		</dict>
		<key>022BA7FE19E8CF58007FFDEF</key>
		<dict>
			<key>fileRef</key>
			<string>022BA7FD19E8CF58007FFDEF</string>
			<key>isa</key>
			<string>PBXBuildFile</string>
		</dict>
		<key>022BA81219E8CF58007FFDEF</key>
		<dict>
			<key>buildSettings</key>
			<dict>
				<key>ALWAYS_SEARCH_USER_PATHS</key>
				<string>NO</string>
				<key>ARCHS</key>
				<string>$(ARCHS_STANDARD_INCLUDING_64_BIT)</string>
				<key>CLANG_CXX_LANGUAGE_STANDARD</key>
				<string>gnu++0x</string>
				<key>CLANG_CXX_LIBRARY</key>
				<string>libc++</string>
				<key>CLANG_ENABLE_MODULES</key>
				<string>YES</string>
				<key>CLANG_ENABLE_OBJC_ARC</key>
				<string>YES</string>
				<key>CLANG_WARN_BOOL_CONVERSION</key>
				<string>YES</string>
				<key>CLANG_WARN_CONSTANT_CONVERSION</key>
				<string>YES</string>
				<key>CLANG_WARN_DIRECT_OBJC_ISA_USAGE</key>
				<string>YES_ERROR</string>
				<key>CLANG_WARN_EMPTY_BODY</key>
				<string>YES</string>
				<key>CLANG_WARN_ENUM_CONVERSION</key>
				<string>YES</string>
				<key>CLANG_WARN_INT_CONVERSION</key>
				<string>YES</string>
				<key>CLANG_WARN_OBJC_ROOT_CLASS</key>
				<string>YES_ERROR</string>
				<key>CLANG_WARN__DUPLICATE_METHOD_MATCH</key>
				<string>YES</string>
				<key>CODE_SIGN_IDENTITY[sdk=iphoneos*]</key>
				<string>iPhone Developer</string>
				<key>COPY_PHASE_STRIP</key>
				<string>NO</string>
				<key>GCC_C_LANGUAGE_STANDARD</key>
				<string>gnu99</string>
				<key>GCC_DYNAMIC_NO_PIC</key>
				<string>NO</string>
				<key>GCC_OPTIMIZATION_LEVEL</key>
				<string>0</string>
				<key>GCC_PREPROCESSOR_DEFINITIONS</key>
				<array>
					<string>DEBUG=1</string>
					<string>$(inherited)</string>
				</array>
				<key>GCC_SYMBOLS_PRIVATE_EXTERN</key>
				<string>NO</string>
				<key>GCC_WARN_64_TO_32_BIT_CONVERSION</key>
				<string>YES</string>
				<key>GCC_WARN_ABOUT_RETURN_TYPE</key>
				<string>YES_ERROR</string>
				<key>GCC_WARN_UNDECLARED_SELECTOR</key>
				<string>YES</string>
				<key>GCC_WARN_UNINITIALIZED_AUTOS</key>
				<string>YES</string>
				<key>GCC_WARN_UNUSED_FUNCTION</key>
				<string>YES</string>
				<key>GCC_WARN_UNUSED_VARIABLE</key>
				<string>YES</string>
				<key>IPHONEOS_DEPLOYMENT_TARGET</key>
				<string>7.0</string>
				<key>ONLY_ACTIVE_ARCH</key>
				<string>YES</string>
				<key>SDKROOT</key>
				<string>iphoneos</string>
				<key>TARGETED_DEVICE_FAMILY</key>
				<string>2</string>
			</dict>
			<key>isa</key>
			<string>XCBuildConfiguration</string>
			<key>name</key>
			<string>Debug</string>
		</dict>
		<key>022BA81319E8CF58007FFDEF</key>
		<dict>
			<key>buildSettings</key>
			<dict>
				<key>ALWAYS_SEARCH_USER_PATHS</key>
				<string>NO</string>
				<key>ARCHS</key>
				<string>$(ARCHS_STANDARD_INCLUDING_64_BIT)</string>
				<key>CLANG_CXX_LANGUAGE_STANDARD</key>
				<string>gnu++0x</string>
				<key>CLANG_CXX_LIBRARY</key>
				<string>libc++</string>
				<key>CLANG_ENABLE_MODULES</key>
				<string>YES</string>
				<key>CLANG_ENABLE_OBJC_ARC</key>
				<string>YES</string>
				<key>CLANG_WARN_BOOL_CONVERSION</key>
				<string>YES</string>
				<key>CLANG_WARN_CONSTANT_CONVERSION</key>
				<string>YES</string>
				<key>CLANG_WARN_DIRECT_OBJC_ISA_USAGE</key>
				<string>YES_ERROR</string>
				<key>CLANG_WARN_EMPTY_BODY</key>
				<string>YES</string>
				<key>CLANG_WARN_ENUM_CONVERSION</key>
				<string>YES</string>
				<key>CLANG_WARN_INT_CONVERSION</key>
				<string>YES</string>
				<key>CLANG_WARN_OBJC_ROOT_CLASS</key>
				<string>YES_ERROR</string>
				<key>CLANG_WARN__DUPLICATE_METHOD_MATCH</key>
				<string>YES</string>
				<key>CODE_SIGN_IDENTITY[sdk=iphoneos*]</key>
				<string>iPhone Developer</string>
				<key>COPY_PHASE_STRIP</key>
				<string>YES</string>
				<key>ENABLE_NS_ASSERTIONS</key>
				<string>NO</string>
				<key>GCC_C_LANGUAGE_STANDARD</key>
				<string>gnu99</string>
				<key>GCC_WARN_64_TO_32_BIT_CONVERSION</key>
				<string>YES</string>
				<key>GCC_WARN_ABOUT_RETURN_TYPE</key>
				<string>YES_ERROR</string>
				<key>GCC_WARN_UNDECLARED_SELECTOR</key>
				<string>YES</string>
				<key>GCC_WARN_UNINITIALIZED_AUTOS</key>
				<string>YES</string>
				<key>GCC_WARN_UNUSED_FUNCTION</key>
				<string>YES</string>
				<key>GCC_WARN_UNUSED_VARIABLE</key>
				<string>YES</string>
				<key>IPHONEOS_DEPLOYMENT_TARGET</key>
				<string>7.0</string>
				<key>SDKROOT</key>
				<string>iphoneos</string>
				<key>TARGETED_DEVICE_FAMILY</key>
				<string>2</string>
				<key>VALIDATE_PRODUCT</key>
				<string>YES</string>
			</dict>
			<key>isa</key>
			<string>XCBuildConfiguration</string>
			<key>name</key>
			<string>Release</string>
		</dict>
		<key>022BA81419E8CF58007FFDEF</key>
		<dict>
			<key>buildConfigurations</key>
			<array>
				<string>022BA81519E8CF58007FFDEF</string>
				<string>022BA81619E8CF58007FFDEF</string>
			</array>
			<key>defaultConfigurationIsVisible</key>
			<string>0</string>
			<key>defaultConfigurationName</key>
			<string>Release</string>
			<key>isa</key>
			<string>XCConfigurationList</string>
		</dict>
		<key>022BA81519E8CF58007FFDEF</key>
		<dict>
			<key>baseConfigurationReference</key>
			<string>EA3A32352C203CC94C0EAEB1</string>
			<key>buildSettings</key>
			<dict>
				<key>ASSETCATALOG_COMPILER_APPICON_NAME</key>
				<string>AppIcon</string>
				<key>ASSETCATALOG_COMPILER_LAUNCHIMAGE_NAME</key>
				<string>LaunchImage</string>
				<key>GCC_PRECOMPILE_PREFIX_HEADER</key>
				<string>YES</string>
				<key>GCC_PREFIX_HEADER</key>
				<string>CmdBar/CmdBar-Prefix.pch</string>
				<key>INFOPLIST_FILE</key>
				<string>CmdBar/CmdBar-Info.plist</string>
				<key>PRODUCT_NAME</key>
				<string>$(TARGET_NAME)</string>
				<key>TARGETED_DEVICE_FAMILY</key>
				<string>1,2</string>
				<key>WRAPPER_EXTENSION</key>
				<string>app</string>
			</dict>
			<key>isa</key>
			<string>XCBuildConfiguration</string>
			<key>name</key>
			<string>Debug</string>
		</dict>
		<key>022BA81619E8CF58007FFDEF</key>
		<dict>
			<key>baseConfigurationReference</key>
			<string>BBCE2BFEE4CD3DEC788A4BD9</string>
			<key>buildSettings</key>
			<dict>
				<key>ASSETCATALOG_COMPILER_APPICON_NAME</key>
				<string>AppIcon</string>
				<key>ASSETCATALOG_COMPILER_LAUNCHIMAGE_NAME</key>
				<string>LaunchImage</string>
				<key>GCC_PRECOMPILE_PREFIX_HEADER</key>
				<string>YES</string>
				<key>GCC_PREFIX_HEADER</key>
				<string>CmdBar/CmdBar-Prefix.pch</string>
				<key>INFOPLIST_FILE</key>
				<string>CmdBar/CmdBar-Info.plist</string>
				<key>PRODUCT_NAME</key>
				<string>$(TARGET_NAME)</string>
				<key>TARGETED_DEVICE_FAMILY</key>
				<string>1,2</string>
				<key>WRAPPER_EXTENSION</key>
				<string>app</string>
			</dict>
			<key>isa</key>
			<string>XCBuildConfiguration</string>
			<key>name</key>
			<string>Release</string>
		</dict>
		<key>022BA81A19E8D16B007FFDEF</key>
		<dict>
			<key>fileEncoding</key>
			<string>4</string>
			<key>isa</key>
			<string>PBXFileReference</string>
			<key>lastKnownFileType</key>
			<string>sourcecode.c.h</string>
			<key>path</key>
			<string>GiCanvasView.h</string>
			<key>sourceTree</key>
			<string>&lt;group&gt;</string>
		</dict>
		<key>022BA81B19E8D16B007FFDEF</key>
		<dict>
			<key>fileEncoding</key>
			<string>4</string>
			<key>isa</key>
			<string>PBXFileReference</string>
			<key>lastKnownFileType</key>
			<string>sourcecode.cpp.objcpp</string>
			<key>path</key>
			<string>GiCanvasView.mm</string>
			<key>sourceTree</key>
			<string>&lt;group&gt;</string>
		</dict>
		<key>022BA81C19E8D16B007FFDEF</key>
		<dict>
			<key>fileRef</key>
			<string>022BA81B19E8D16B007FFDEF</string>
			<key>isa</key>
			<string>PBXBuildFile</string>
		</dict>
		<key>022BA81D19E8D528007FFDEF</key>
		<dict>
			<key>fileEncoding</key>
			<string>4</string>
			<key>isa</key>
			<string>PBXFileReference</string>
			<key>lastKnownFileType</key>
			<string>sourcecode.c.h</string>
			<key>path</key>
			<string>WDToolButton.h</string>
			<key>sourceTree</key>
			<string>&lt;group&gt;</string>
		</dict>
		<key>022BA81E19E8D528007FFDEF</key>
		<dict>
			<key>fileEncoding</key>
			<string>4</string>
			<key>isa</key>
			<string>PBXFileReference</string>
			<key>lastKnownFileType</key>
			<string>sourcecode.c.objc</string>
			<key>path</key>
			<string>WDToolButton.m</string>
			<key>sourceTree</key>
			<string>&lt;group&gt;</string>
		</dict>
		<key>022BA81F19E8D528007FFDEF</key>
		<dict>
			<key>fileEncoding</key>
			<string>4</string>
			<key>isa</key>
			<string>PBXFileReference</string>
			<key>lastKnownFileType</key>
			<string>sourcecode.c.h</string>
			<key>path</key>
			<string>WDToolView.h</string>
			<key>sourceTree</key>
			<string>&lt;group&gt;</string>
		</dict>
		<key>022BA82019E8D528007FFDEF</key>
		<dict>
			<key>fileEncoding</key>
			<string>4</string>
			<key>isa</key>
			<string>PBXFileReference</string>
			<key>lastKnownFileType</key>
			<string>sourcecode.c.objc</string>
			<key>path</key>
			<string>WDToolView.m</string>
			<key>sourceTree</key>
			<string>&lt;group&gt;</string>
		</dict>
		<key>022BA82119E8D528007FFDEF</key>
		<dict>
			<key>fileRef</key>
			<string>022BA81E19E8D528007FFDEF</string>
			<key>isa</key>
			<string>PBXBuildFile</string>
		</dict>
		<key>022BA82219E8D528007FFDEF</key>
		<dict>
			<key>fileRef</key>
			<string>022BA82019E8D528007FFDEF</string>
			<key>isa</key>
			<string>PBXBuildFile</string>
		</dict>
		<key>022BA82319E8D5E1007FFDEF</key>
		<dict>
			<key>fileEncoding</key>
			<string>4</string>
			<key>isa</key>
			<string>PBXFileReference</string>
			<key>lastKnownFileType</key>
			<string>sourcecode.c.h</string>
			<key>path</key>
			<string>WDPalette.h</string>
			<key>sourceTree</key>
			<string>&lt;group&gt;</string>
		</dict>
		<key>022BA82419E8D5E1007FFDEF</key>
		<dict>
			<key>fileEncoding</key>
			<string>4</string>
			<key>isa</key>
			<string>PBXFileReference</string>
			<key>lastKnownFileType</key>
			<string>sourcecode.c.objc</string>
			<key>path</key>
			<string>WDPalette.m</string>
			<key>sourceTree</key>
			<string>&lt;group&gt;</string>
		</dict>
		<key>022BA82519E8D5E1007FFDEF</key>
		<dict>
			<key>fileEncoding</key>
			<string>4</string>
			<key>isa</key>
			<string>PBXFileReference</string>
			<key>lastKnownFileType</key>
			<string>sourcecode.c.h</string>
			<key>path</key>
			<string>WDPaletteBackgroundView.h</string>
			<key>sourceTree</key>
			<string>&lt;group&gt;</string>
		</dict>
		<key>022BA82619E8D5E1007FFDEF</key>
		<dict>
			<key>fileEncoding</key>
			<string>4</string>
			<key>isa</key>
			<string>PBXFileReference</string>
			<key>lastKnownFileType</key>
			<string>sourcecode.c.objc</string>
			<key>path</key>
			<string>WDPaletteBackgroundView.m</string>
			<key>sourceTree</key>
			<string>&lt;group&gt;</string>
		</dict>
		<key>022BA82719E8D5E1007FFDEF</key>
		<dict>
			<key>fileRef</key>
			<string>022BA82419E8D5E1007FFDEF</string>
			<key>isa</key>
			<string>PBXBuildFile</string>
		</dict>
		<key>022BA82819E8D5E1007FFDEF</key>
		<dict>
			<key>fileRef</key>
			<string>022BA82619E8D5E1007FFDEF</string>
			<key>isa</key>
			<string>PBXBuildFile</string>
		</dict>
		<key>022BA82919E8D688007FFDEF</key>
		<dict>
			<key>fileEncoding</key>
			<string>4</string>
			<key>isa</key>
			<string>PBXFileReference</string>
			<key>lastKnownFileType</key>
			<string>sourcecode.c.h</string>
			<key>path</key>
			<string>UIView+Additions.h</string>
			<key>sourceTree</key>
			<string>&lt;group&gt;</string>
		</dict>
		<key>022BA82A19E8D688007FFDEF</key>
		<dict>
			<key>fileEncoding</key>
			<string>4</string>
			<key>isa</key>
			<string>PBXFileReference</string>
			<key>lastKnownFileType</key>
			<string>sourcecode.c.objc</string>
			<key>path</key>
			<string>UIView+Additions.m</string>
			<key>sourceTree</key>
			<string>&lt;group&gt;</string>
		</dict>
		<key>022BA82B19E8D688007FFDEF</key>
		<dict>
			<key>fileRef</key>
			<string>022BA82A19E8D688007FFDEF</string>
			<key>isa</key>
			<string>PBXBuildFile</string>
		</dict>
		<key>022BA82C19E8D762007FFDEF</key>
		<dict>
			<key>fileEncoding</key>
			<string>4</string>
			<key>isa</key>
			<string>PBXFileReference</string>
			<key>lastKnownFileType</key>
			<string>sourcecode.c.h</string>
			<key>path</key>
			<string>WDUtilities.h</string>
			<key>sourceTree</key>
			<string>&lt;group&gt;</string>
		</dict>
		<key>022BA82D19E8D762007FFDEF</key>
		<dict>
			<key>fileEncoding</key>
			<string>4</string>
			<key>isa</key>
			<string>PBXFileReference</string>
			<key>lastKnownFileType</key>
			<string>sourcecode.c.objc</string>
			<key>path</key>
			<string>WDUtilities.m</string>
			<key>sourceTree</key>
			<string>&lt;group&gt;</string>
		</dict>
		<key>022BA82E19E8D762007FFDEF</key>
		<dict>
			<key>fileRef</key>
			<string>022BA82D19E8D762007FFDEF</string>
			<key>isa</key>
			<string>PBXBuildFile</string>
		</dict>
		<key>022BA83219E8FDBD007FFDEF</key>
		<dict>
			<key>children</key>
			<array>
				<string>022BA83319E8FDBD007FFDEF</string>
				<string>022BA83419E8FDBD007FFDEF</string>
				<string>022BA83519E8FDBD007FFDEF</string>
				<string>022BA83619E8FDBD007FFDEF</string>
				<string>022BA83719E8FDBD007FFDEF</string>
				<string>022BA83819E8FDBD007FFDEF</string>
				<string>022BA83919E8FDBD007FFDEF</string>
				<string>022BA83A19E8FDBD007FFDEF</string>
				<string>022BA83B19E8FDBD007FFDEF</string>
				<string>022BA83C19E8FDBD007FFDEF</string>
				<string>022BA83D19E8FDBD007FFDEF</string>
			</array>
			<key>isa</key>
			<string>PBXGroup</string>
			<key>path</key>
			<string>Images</string>
			<key>sourceTree</key>
			<string>&lt;group&gt;</string>
		</dict>
		<key>022BA83319E8FDBD007FFDEF</key>
		<dict>
			<key>isa</key>
			<string>PBXFileReference</string>
			<key>lastKnownFileType</key>
			<string>image.png</string>
			<key>path</key>
			<string>brush.png</string>
			<key>sourceTree</key>
			<string>&lt;group&gt;</string>
		</dict>
		<key>022BA83419E8FDBD007FFDEF</key>
		<dict>
			<key>isa</key>
			<string>PBXFileReference</string>
			<key>lastKnownFileType</key>
			<string>image.png</string>
			<key>path</key>
			<string>brush@2x.png</string>
			<key>sourceTree</key>
			<string>&lt;group&gt;</string>
		</dict>
		<key>022BA83519E8FDBD007FFDEF</key>
		<dict>
			<key>isa</key>
			<string>PBXFileReference</string>
			<key>lastKnownFileType</key>
			<string>image.png</string>
			<key>path</key>
			<string>ellipse.png</string>
			<key>sourceTree</key>
			<string>&lt;group&gt;</string>
		</dict>
		<key>022BA83619E8FDBD007FFDEF</key>
		<dict>
			<key>isa</key>
			<string>PBXFileReference</string>
			<key>lastKnownFileType</key>
			<string>image.png</string>
			<key>path</key>
			<string>ellipse@2x.png</string>
			<key>sourceTree</key>
			<string>&lt;group&gt;</string>
		</dict>
		<key>022BA83719E8FDBD007FFDEF</key>
		<dict>
			<key>isa</key>
			<string>PBXFileReference</string>
			<key>lastKnownFileType</key>
			<string>image.png</string>
			<key>path</key>
			<string>eraser.png</string>
			<key>sourceTree</key>
			<string>&lt;group&gt;</string>
		</dict>
		<key>022BA83819E8FDBD007FFDEF</key>
		<dict>
			<key>isa</key>
			<string>PBXFileReference</string>
			<key>lastKnownFileType</key>
			<string>image.png</string>
			<key>path</key>
			<string>eraser@2x.png</string>
			<key>sourceTree</key>
			<string>&lt;group&gt;</string>
		</dict>
		<key>022BA83919E8FDBD007FFDEF</key>
		<dict>
			<key>isa</key>
			<string>PBXFileReference</string>
			<key>lastKnownFileType</key>
			<string>image.png</string>
			<key>path</key>
			<string>line.png</string>
			<key>sourceTree</key>
			<string>&lt;group&gt;</string>
		</dict>
		<key>022BA83A19E8FDBD007FFDEF</key>
		<dict>
			<key>isa</key>
			<string>PBXFileReference</string>
			<key>lastKnownFileType</key>
			<string>image.png</string>
			<key>path</key>
			<string>line@2x.png</string>
			<key>sourceTree</key>
			<string>&lt;group&gt;</string>
		</dict>
		<key>022BA83B19E8FDBD007FFDEF</key>
		<dict>
			<key>isa</key>
			<string>PBXFileReference</string>
			<key>lastKnownFileType</key>
			<string>image.png</string>
			<key>path</key>
			<string>rect.png</string>
			<key>sourceTree</key>
			<string>&lt;group&gt;</string>
		</dict>
		<key>022BA83C19E8FDBD007FFDEF</key>
		<dict>
			<key>isa</key>
			<string>PBXFileReference</string>
			<key>lastKnownFileType</key>
			<string>image.png</string>
			<key>path</key>
			<string>select.png</string>
			<key>sourceTree</key>
			<string>&lt;group&gt;</string>
		</dict>
		<key>022BA83D19E8FDBD007FFDEF</key>
		<dict>
			<key>isa</key>
			<string>PBXFileReference</string>
			<key>lastKnownFileType</key>
			<string>image.png</string>
			<key>path</key>
			<string>select@2x.png</string>
			<key>sourceTree</key>
			<string>&lt;group&gt;</string>
		</dict>
		<key>022BA83E19E8FDBD007FFDEF</key>
		<dict>
			<key>fileRef</key>
			<string>022BA83319E8FDBD007FFDEF</string>
			<key>isa</key>
			<string>PBXBuildFile</string>
		</dict>
		<key>022BA83F19E8FDBD007FFDEF</key>
		<dict>
			<key>fileRef</key>
			<string>022BA83419E8FDBD007FFDEF</string>
			<key>isa</key>
			<string>PBXBuildFile</string>
		</dict>
		<key>022BA84019E8FDBD007FFDEF</key>
		<dict>
			<key>fileRef</key>
			<string>022BA83519E8FDBD007FFDEF</string>
			<key>isa</key>
			<string>PBXBuildFile</string>
		</dict>
		<key>022BA84119E8FDBD007FFDEF</key>
		<dict>
			<key>fileRef</key>
			<string>022BA83619E8FDBD007FFDEF</string>
			<key>isa</key>
			<string>PBXBuildFile</string>
		</dict>
		<key>022BA84219E8FDBD007FFDEF</key>
		<dict>
			<key>fileRef</key>
			<string>022BA83719E8FDBD007FFDEF</string>
			<key>isa</key>
			<string>PBXBuildFile</string>
		</dict>
		<key>022BA84319E8FDBD007FFDEF</key>
		<dict>
			<key>fileRef</key>
			<string>022BA83819E8FDBD007FFDEF</string>
			<key>isa</key>
			<string>PBXBuildFile</string>
		</dict>
		<key>022BA84419E8FDBD007FFDEF</key>
		<dict>
			<key>fileRef</key>
			<string>022BA83919E8FDBD007FFDEF</string>
			<key>isa</key>
			<string>PBXBuildFile</string>
		</dict>
		<key>022BA84519E8FDBD007FFDEF</key>
		<dict>
			<key>fileRef</key>
			<string>022BA83A19E8FDBD007FFDEF</string>
			<key>isa</key>
			<string>PBXBuildFile</string>
		</dict>
		<key>022BA84619E8FDBD007FFDEF</key>
		<dict>
			<key>fileRef</key>
			<string>022BA83B19E8FDBD007FFDEF</string>
			<key>isa</key>
			<string>PBXBuildFile</string>
		</dict>
		<key>022BA84719E8FDBD007FFDEF</key>
		<dict>
			<key>fileRef</key>
			<string>022BA83C19E8FDBD007FFDEF</string>
			<key>isa</key>
			<string>PBXBuildFile</string>
		</dict>
		<key>022BA84819E8FDBD007FFDEF</key>
		<dict>
			<key>fileRef</key>
			<string>022BA83D19E8FDBD007FFDEF</string>
			<key>isa</key>
			<string>PBXBuildFile</string>
		</dict>
		<key>129BC3891B9C4F6BAAF50076</key>
		<dict>
			<key>fileRef</key>
			<string>203559D41B984189B61024A1</string>
			<key>isa</key>
			<string>PBXBuildFile</string>
		</dict>
		<key>203559D41B984189B61024A1</key>
		<dict>
			<key>explicitFileType</key>
			<string>archive.ar</string>
			<key>includeInIndex</key>
			<string>0</string>
			<key>isa</key>
			<string>PBXFileReference</string>
			<key>path</key>
			<string>libPods.a</string>
			<key>sourceTree</key>
			<string>BUILT_PRODUCTS_DIR</string>
		</dict>
		<key>2EB76C0632034E53AE485359</key>
		<dict>
			<key>buildActionMask</key>
			<string>2147483647</string>
			<key>files</key>
			<array/>
			<key>inputPaths</key>
			<array/>
			<key>isa</key>
			<string>PBXShellScriptBuildPhase</string>
			<key>name</key>
			<string>Check Pods Manifest.lock</string>
			<key>outputPaths</key>
			<array/>
			<key>runOnlyForDeploymentPostprocessing</key>
			<string>0</string>
			<key>shellPath</key>
			<string>/bin/sh</string>
			<key>shellScript</key>
			<string>diff "${PODS_ROOT}/../Podfile.lock" "${PODS_ROOT}/Manifest.lock" &gt; /dev/null
if [[ $? != 0 ]] ; then
    cat &lt;&lt; EOM
error: The sandbox is not in sync with the Podfile.lock. Run 'pod install' or update your CocoaPods installation.
EOM
    exit 1
fi
</string>
			<key>showEnvVarsInLog</key>
			<string>0</string>
		</dict>
		<key>BBCE2BFEE4CD3DEC788A4BD9</key>
		<dict>
			<key>includeInIndex</key>
			<string>1</string>
			<key>isa</key>
			<string>PBXFileReference</string>
			<key>lastKnownFileType</key>
			<string>text.xcconfig</string>
			<key>name</key>
			<string>Pods.release.xcconfig</string>
			<key>path</key>
			<string>Pods/Target Support Files/Pods/Pods.release.xcconfig</string>
			<key>sourceTree</key>
			<string>&lt;group&gt;</string>
		</dict>
		<key>C99A455D287FF5AE049D0A2A</key>
		<dict>
			<key>children</key>
			<array>
				<string>EA3A32352C203CC94C0EAEB1</string>
				<string>BBCE2BFEE4CD3DEC788A4BD9</string>
			</array>
			<key>isa</key>
			<string>PBXGroup</string>
			<key>name</key>
			<string>Pods</string>
			<key>sourceTree</key>
			<string>&lt;group&gt;</string>
		</dict>
		<key>C99F9B96EEDF41D091EC7BE1</key>
		<dict>
			<key>buildActionMask</key>
			<string>2147483647</string>
			<key>files</key>
			<array/>
			<key>inputPaths</key>
			<array/>
			<key>isa</key>
			<string>PBXShellScriptBuildPhase</string>
			<key>name</key>
			<string>Copy Pods Resources</string>
			<key>outputPaths</key>
			<array/>
			<key>runOnlyForDeploymentPostprocessing</key>
			<string>0</string>
			<key>shellPath</key>
			<string>/bin/sh</string>
			<key>shellScript</key>
			<string>"${SRCROOT}/Pods/Target Support Files/Pods/Pods-resources.sh"
</string>
			<key>showEnvVarsInLog</key>
			<string>0</string>
		</dict>
		<key>EA3A32352C203CC94C0EAEB1</key>
		<dict>
			<key>includeInIndex</key>
			<string>1</string>
			<key>isa</key>
			<string>PBXFileReference</string>
			<key>lastKnownFileType</key>
			<string>text.xcconfig</string>
			<key>name</key>
			<string>Pods.debug.xcconfig</string>
			<key>path</key>
			<string>Pods/Target Support Files/Pods/Pods.debug.xcconfig</string>
			<key>sourceTree</key>
			<string>&lt;group&gt;</string>
		</dict>
	</dict>
	<key>rootObject</key>
	<string>022BA7DA19E8CF58007FFDEF</string>
</dict>
</plist>
